
Microsoft Visual Studio Solution File, Format Version 12.00
# Visual Studio Version 16
VisualStudioVersion = 16.0.31205.134
MinimumVisualStudioVersion = 10.0.40219.1
Project("{9A19103F-16F7-4668-BE54-9A1E7A4F7556}") = "ConsoleApp1", "ConsoleApp1\ConsoleApp1.csproj", "{0702ED95-FACE-4F8F-B117-8F9FFA3ED99F}"
EndProject
Project("{FAE04EC0-301F-11D3-BF4B-00C04F79EFBC}") = "Calculadora", "Calculadora\Calculadora.csproj", "{0FE51261-1D4B-47BF-A0E0-8E8D11527142}"
EndProject
Global
	GlobalSection(SolutionConfigurationPlatforms) = preSolution
		Debug|Any CPU = Debug|Any CPU
		Release|Any CPU = Release|Any CPU
	EndGlobalSection
	GlobalSection(ProjectConfigurationPlatforms) = postSolution
		{0702ED95-FACE-4F8F-B117-8F9FFA3ED99F}.Debug|Any CPU.ActiveCfg = Debug|Any CPU
		{0702ED95-FACE-4F8F-B117-8F9FFA3ED99F}.Debug|Any CPU.Build.0 = Debug|Any CPU
		{0702ED95-FACE-4F8F-B117-8F9FFA3ED99F}.Release|Any CPU.ActiveCfg = Release|Any CPU
		{0702ED95-FACE-4F8F-B117-8F9FFA3ED99F}.Release|Any CPU.Build.0 = Release|Any CPU
		{0FE51261-1D4B-47BF-A0E0-8E8D11527142}.Debug|Any CPU.ActiveCfg = Debug|Any CPU
		{0FE51261-1D4B-47BF-A0E0-8E8D11527142}.Debug|Any CPU.Build.0 = Debug|Any CPU
		{0FE51261-1D4B-47BF-A0E0-8E8D11527142}.Release|Any CPU.ActiveCfg = Release|Any CPU
		{0FE51261-1D4B-47BF-A0E0-8E8D11527142}.Release|Any CPU.Build.0 = Release|Any CPU
	EndGlobalSection
	GlobalSection(SolutionProperties) = preSolution
		HideSolutionNode = FALSE
	EndGlobalSection
	GlobalSection(ExtensibilityGlobals) = postSolution
		SolutionGuid = {F2581DD5-644B-41FC-B102-726B4E8BBBC4}
	EndGlobalSection
EndGlobal
